// !$*UTF8*$!
{
	archiveVersion = 1;
	classes = {
	};
	objectVersion = 55;
	objects = {

/* Begin PBXBuildFile section */
		BD0326402899C4B900DCBB22 /* AppDelegate.swift in Sources */ = {isa = PBXBuildFile; fileRef = BD03263F2899C4B900DCBB22 /* AppDelegate.swift */; };
		BD0326422899C4B900DCBB22 /* SceneDelegate.swift in Sources */ = {isa = PBXBuildFile; fileRef = BD0326412899C4B900DCBB22 /* SceneDelegate.swift */; };
		BD0326442899C4B900DCBB22 /* ViewController.swift in Sources */ = {isa = PBXBuildFile; fileRef = BD0326432899C4B900DCBB22 /* ViewController.swift */; };
		BD0326472899C4B900DCBB22 /* Main.storyboard in Resources */ = {isa = PBXBuildFile; fileRef = BD0326452899C4B900DCBB22 /* Main.storyboard */; };
		BD03264A2899C4B900DCBB22 /* peachPlum_.xcdatamodeld in Sources */ = {isa = PBXBuildFile; fileRef = BD0326482899C4B900DCBB22 /* peachPlum_.xcdatamodeld */; };
		BD03264C2899C4BA00DCBB22 /* Assets.xcassets in Resources */ = {isa = PBXBuildFile; fileRef = BD03264B2899C4BA00DCBB22 /* Assets.xcassets */; };
		BD03264F2899C4BA00DCBB22 /* LaunchScreen.storyboard in Resources */ = {isa = PBXBuildFile; fileRef = BD03264D2899C4BA00DCBB22 /* LaunchScreen.storyboard */; };
		BD03265A2899C4BA00DCBB22 /* peachPlum_Tests.swift in Sources */ = {isa = PBXBuildFile; fileRef = BD0326592899C4BA00DCBB22 /* peachPlum_Tests.swift */; };
		BD0326642899C4BA00DCBB22 /* peachPlum_UITests.swift in Sources */ = {isa = PBXBuildFile; fileRef = BD0326632899C4BA00DCBB22 /* peachPlum_UITests.swift */; };
		BD0326662899C4BA00DCBB22 /* peachPlum_UITestsLaunchTests.swift in Sources */ = {isa = PBXBuildFile; fileRef = BD0326652899C4BA00DCBB22 /* peachPlum_UITestsLaunchTests.swift */; };
		BD68DAF5289C7EA600331867 /* CollectionCollectionViewController.swift in Sources */ = {isa = PBXBuildFile; fileRef = BD68DAF4289C7EA500331867 /* CollectionCollectionViewController.swift */; };
		BDFA4364289AE7FC007D29A1 /* ViewControllerPeriodTracker.swift in Sources */ = {isa = PBXBuildFile; fileRef = BDFA4363289AE7FC007D29A1 /* ViewControllerPeriodTracker.swift */; };
		BDFA4366289AE89C007D29A1 /* ViewControllerSexEd.swift in Sources */ = {isa = PBXBuildFile; fileRef = BDFA4365289AE89C007D29A1 /* ViewControllerSexEd.swift */; };
		BDFA4368289AE8B9007D29A1 /* ViewControllerMentalHealth.swift in Sources */ = {isa = PBXBuildFile; fileRef = BDFA4367289AE8B9007D29A1 /* ViewControllerMentalHealth.swift */; };
		BDFA436A289AE916007D29A1 /* ViewControllerResources.swift in Sources */ = {isa = PBXBuildFile; fileRef = BDFA4369289AE916007D29A1 /* ViewControllerResources.swift */; };
		BDFA436C289AEA08007D29A1 /* ViewControllerQ1.swift in Sources */ = {isa = PBXBuildFile; fileRef = BDFA436B289AEA08007D29A1 /* ViewControllerQ1.swift */; };
		BDFA436E289AEA96007D29A1 /* ViewControllerQ2.swift in Sources */ = {isa = PBXBuildFile; fileRef = BDFA436D289AEA96007D29A1 /* ViewControllerQ2.swift */; };
		BDFA4370289AEAEB007D29A1 /* ViewControllerQ3.swift in Sources */ = {isa = PBXBuildFile; fileRef = BDFA436F289AEAEB007D29A1 /* ViewControllerQ3.swift */; };
		BDFA4372289AEB19007D29A1 /* ViewControllerQ4.swift in Sources */ = {isa = PBXBuildFile; fileRef = BDFA4371289AEB19007D29A1 /* ViewControllerQ4.swift */; };
		BDFD1E9D289D8DC9006A2D4A /* ViewControllerVenting.swift in Sources */ = {isa = PBXBuildFile; fileRef = BDFD1E9C289D8DC9006A2D4A /* ViewControllerVenting.swift */; };
/* End PBXBuildFile section */

/* Begin PBXContainerItemProxy section */
		BD0326562899C4BA00DCBB22 /* PBXContainerItemProxy */ = {
			isa = PBXContainerItemProxy;
			containerPortal = BD0326342899C4B900DCBB22 /* Project object */;
			proxyType = 1;
			remoteGlobalIDString = BD03263B2899C4B900DCBB22;
			remoteInfo = "peachPlum!";
		};
		BD0326602899C4BA00DCBB22 /* PBXContainerItemProxy */ = {
			isa = PBXContainerItemProxy;
			containerPortal = BD0326342899C4B900DCBB22 /* Project object */;
			proxyType = 1;
			remoteGlobalIDString = BD03263B2899C4B900DCBB22;
			remoteInfo = "peachPlum!";
		};
/* End PBXContainerItemProxy section */

/* Begin PBXFileReference section */
		BD03263C2899C4B900DCBB22 /* peachPlum!.app */ = {isa = PBXFileReference; explicitFileType = wrapper.application; includeInIndex = 0; path = "peachPlum!.app"; sourceTree = BUILT_PRODUCTS_DIR; };
		BD03263F2899C4B900DCBB22 /* AppDelegate.swift */ = {isa = PBXFileReference; lastKnownFileType = sourcecode.swift; path = AppDelegate.swift; sourceTree = "<group>"; };
		BD0326412899C4B900DCBB22 /* SceneDelegate.swift */ = {isa = PBXFileReference; lastKnownFileType = sourcecode.swift; path = SceneDelegate.swift; sourceTree = "<group>"; };
		BD0326432899C4B900DCBB22 /* ViewController.swift */ = {isa = PBXFileReference; lastKnownFileType = sourcecode.swift; path = ViewController.swift; sourceTree = "<group>"; };
		BD0326462899C4B900DCBB22 /* Base */ = {isa = PBXFileReference; lastKnownFileType = file.storyboard; name = Base; path = Base.lproj/Main.storyboard; sourceTree = "<group>"; };
		BD0326492899C4B900DCBB22 /* peachPlum_.xcdatamodel */ = {isa = PBXFileReference; lastKnownFileType = wrapper.xcdatamodel; path = peachPlum_.xcdatamodel; sourceTree = "<group>"; };
		BD03264B2899C4BA00DCBB22 /* Assets.xcassets */ = {isa = PBXFileReference; lastKnownFileType = folder.assetcatalog; path = Assets.xcassets; sourceTree = "<group>"; };
		BD03264E2899C4BA00DCBB22 /* Base */ = {isa = PBXFileReference; lastKnownFileType = file.storyboard; name = Base; path = Base.lproj/LaunchScreen.storyboard; sourceTree = "<group>"; };
		BD0326502899C4BA00DCBB22 /* Info.plist */ = {isa = PBXFileReference; lastKnownFileType = text.plist.xml; path = Info.plist; sourceTree = "<group>"; };
		BD0326552899C4BA00DCBB22 /* peachPlum!Tests.xctest */ = {isa = PBXFileReference; explicitFileType = wrapper.cfbundle; includeInIndex = 0; path = "peachPlum!Tests.xctest"; sourceTree = BUILT_PRODUCTS_DIR; };
		BD0326592899C4BA00DCBB22 /* peachPlum_Tests.swift */ = {isa = PBXFileReference; lastKnownFileType = sourcecode.swift; path = peachPlum_Tests.swift; sourceTree = "<group>"; };
		BD03265F2899C4BA00DCBB22 /* peachPlum!UITests.xctest */ = {isa = PBXFileReference; explicitFileType = wrapper.cfbundle; includeInIndex = 0; path = "peachPlum!UITests.xctest"; sourceTree = BUILT_PRODUCTS_DIR; };
		BD0326632899C4BA00DCBB22 /* peachPlum_UITests.swift */ = {isa = PBXFileReference; lastKnownFileType = sourcecode.swift; path = peachPlum_UITests.swift; sourceTree = "<group>"; };
		BD0326652899C4BA00DCBB22 /* peachPlum_UITestsLaunchTests.swift */ = {isa = PBXFileReference; lastKnownFileType = sourcecode.swift; path = peachPlum_UITestsLaunchTests.swift; sourceTree = "<group>"; };
		BD68DAF4289C7EA500331867 /* CollectionCollectionViewController.swift */ = {isa = PBXFileReference; lastKnownFileType = sourcecode.swift; path = CollectionCollectionViewController.swift; sourceTree = "<group>"; };
		BDFA4363289AE7FC007D29A1 /* ViewControllerPeriodTracker.swift */ = {isa = PBXFileReference; lastKnownFileType = sourcecode.swift; path = ViewControllerPeriodTracker.swift; sourceTree = "<group>"; };
		BDFA4365289AE89C007D29A1 /* ViewControllerSexEd.swift */ = {isa = PBXFileReference; lastKnownFileType = sourcecode.swift; path = ViewControllerSexEd.swift; sourceTree = "<group>"; };
		BDFA4367289AE8B9007D29A1 /* ViewControllerMentalHealth.swift */ = {isa = PBXFileReference; lastKnownFileType = sourcecode.swift; path = ViewControllerMentalHealth.swift; sourceTree = "<group>"; };
		BDFA4369289AE916007D29A1 /* ViewControllerResources.swift */ = {isa = PBXFileReference; lastKnownFileType = sourcecode.swift; path = ViewControllerResources.swift; sourceTree = "<group>"; };
		BDFA436B289AEA08007D29A1 /* ViewControllerQ1.swift */ = {isa = PBXFileReference; lastKnownFileType = sourcecode.swift; path = ViewControllerQ1.swift; sourceTree = "<group>"; };
		BDFA436D289AEA96007D29A1 /* ViewControllerQ2.swift */ = {isa = PBXFileReference; lastKnownFileType = sourcecode.swift; path = ViewControllerQ2.swift; sourceTree = "<group>"; };
		BDFA436F289AEAEB007D29A1 /* ViewControllerQ3.swift */ = {isa = PBXFileReference; lastKnownFileType = sourcecode.swift; path = ViewControllerQ3.swift; sourceTree = "<group>"; };
		BDFA4371289AEB19007D29A1 /* ViewControllerQ4.swift */ = {isa = PBXFileReference; lastKnownFileType = sourcecode.swift; path = ViewControllerQ4.swift; sourceTree = "<group>"; };
		BDFD1E9C289D8DC9006A2D4A /* ViewControllerVenting.swift */ = {isa = PBXFileReference; lastKnownFileType = sourcecode.swift; path = ViewControllerVenting.swift; sourceTree = "<group>"; };
/* End PBXFileReference section */

/* Begin PBXFrameworksBuildPhase section */
		BD0326392899C4B900DCBB22 /* Frameworks */ = {
			isa = PBXFrameworksBuildPhase;
			buildActionMask = 2147483647;
			files = (
			);
			runOnlyForDeploymentPostprocessing = 0;
		};
		BD0326522899C4BA00DCBB22 /* Frameworks */ = {
			isa = PBXFrameworksBuildPhase;
			buildActionMask = 2147483647;
			files = (
			);
			runOnlyForDeploymentPostprocessing = 0;
		};
		BD03265C2899C4BA00DCBB22 /* Frameworks */ = {
			isa = PBXFrameworksBuildPhase;
			buildActionMask = 2147483647;
			files = (
			);
			runOnlyForDeploymentPostprocessing = 0;
		};
/* End PBXFrameworksBuildPhase section */

/* Begin PBXGroup section */
		BD0326332899C4B900DCBB22 = {
			isa = PBXGroup;
			children = (
				BDFD1E9C289D8DC9006A2D4A /* ViewControllerVenting.swift */,
				BD68DAF4289C7EA500331867 /* CollectionCollectionViewController.swift */,
				BDFA4371289AEB19007D29A1 /* ViewControllerQ4.swift */,
				BDFA436F289AEAEB007D29A1 /* ViewControllerQ3.swift */,
				BDFA436D289AEA96007D29A1 /* ViewControllerQ2.swift */,
				BDFA436B289AEA08007D29A1 /* ViewControllerQ1.swift */,
				BDFA4369289AE916007D29A1 /* ViewControllerResources.swift */,
				BDFA4367289AE8B9007D29A1 /* ViewControllerMentalHealth.swift */,
				BDFA4365289AE89C007D29A1 /* ViewControllerSexEd.swift */,
				BDFA4363289AE7FC007D29A1 /* ViewControllerPeriodTracker.swift */,
				BD03263E2899C4B900DCBB22 /* peachPlum! */,
				BD0326582899C4BA00DCBB22 /* peachPlum!Tests */,
				BD0326622899C4BA00DCBB22 /* peachPlum!UITests */,
				BD03263D2899C4B900DCBB22 /* Products */,
			);
			sourceTree = "<group>";
		};
		BD03263D2899C4B900DCBB22 /* Products */ = {
			isa = PBXGroup;
			children = (
				BD03263C2899C4B900DCBB22 /* peachPlum!.app */,
				BD0326552899C4BA00DCBB22 /* peachPlum!Tests.xctest */,
				BD03265F2899C4BA00DCBB22 /* peachPlum!UITests.xctest */,
			);
			name = Products;
			sourceTree = "<group>";
		};
		BD03263E2899C4B900DCBB22 /* peachPlum! */ = {
			isa = PBXGroup;
			children = (
				BD03263F2899C4B900DCBB22 /* AppDelegate.swift */,
				BD0326412899C4B900DCBB22 /* SceneDelegate.swift */,
				BD0326432899C4B900DCBB22 /* ViewController.swift */,
				BD0326452899C4B900DCBB22 /* Main.storyboard */,
				BD03264B2899C4BA00DCBB22 /* Assets.xcassets */,
				BD03264D2899C4BA00DCBB22 /* LaunchScreen.storyboard */,
				BD0326502899C4BA00DCBB22 /* Info.plist */,
				BD0326482899C4B900DCBB22 /* peachPlum_.xcdatamodeld */,
			);
			path = "peachPlum!";
			sourceTree = "<group>";
		};
		BD0326582899C4BA00DCBB22 /* peachPlum!Tests */ = {
			isa = PBXGroup;
			children = (
				BD0326592899C4BA00DCBB22 /* peachPlum_Tests.swift */,
			);
			path = "peachPlum!Tests";
			sourceTree = "<group>";
		};
		BD0326622899C4BA00DCBB22 /* peachPlum!UITests */ = {
			isa = PBXGroup;
			children = (
				BD0326632899C4BA00DCBB22 /* peachPlum_UITests.swift */,
				BD0326652899C4BA00DCBB22 /* peachPlum_UITestsLaunchTests.swift */,
			);
			path = "peachPlum!UITests";
			sourceTree = "<group>";
		};
/* End PBXGroup section */

/* Begin PBXNativeTarget section */
		BD03263B2899C4B900DCBB22 /* peachPlum! */ = {
			isa = PBXNativeTarget;
			buildConfigurationList = BD0326692899C4BA00DCBB22 /* Build configuration list for PBXNativeTarget "peachPlum!" */;
			buildPhases = (
				BD0326382899C4B900DCBB22 /* Sources */,
				BD0326392899C4B900DCBB22 /* Frameworks */,
				BD03263A2899C4B900DCBB22 /* Resources */,
			);
			buildRules = (
			);
			dependencies = (
			);
			name = "peachPlum!";
			productName = "peachPlum!";
			productReference = BD03263C2899C4B900DCBB22 /* peachPlum!.app */;
			productType = "com.apple.product-type.application";
		};
		BD0326542899C4BA00DCBB22 /* peachPlum!Tests */ = {
			isa = PBXNativeTarget;
			buildConfigurationList = BD03266C2899C4BA00DCBB22 /* Build configuration list for PBXNativeTarget "peachPlum!Tests" */;
			buildPhases = (
				BD0326512899C4BA00DCBB22 /* Sources */,
				BD0326522899C4BA00DCBB22 /* Frameworks */,
				BD0326532899C4BA00DCBB22 /* Resources */,
			);
			buildRules = (
			);
			dependencies = (
				BD0326572899C4BA00DCBB22 /* PBXTargetDependency */,
			);
			name = "peachPlum!Tests";
			productName = "peachPlum!Tests";
			productReference = BD0326552899C4BA00DCBB22 /* peachPlum!Tests.xctest */;
			productType = "com.apple.product-type.bundle.unit-test";
		};
		BD03265E2899C4BA00DCBB22 /* peachPlum!UITests */ = {
			isa = PBXNativeTarget;
			buildConfigurationList = BD03266F2899C4BA00DCBB22 /* Build configuration list for PBXNativeTarget "peachPlum!UITests" */;
			buildPhases = (
				BD03265B2899C4BA00DCBB22 /* Sources */,
				BD03265C2899C4BA00DCBB22 /* Frameworks */,
				BD03265D2899C4BA00DCBB22 /* Resources */,
			);
			buildRules = (
			);
			dependencies = (
				BD0326612899C4BA00DCBB22 /* PBXTargetDependency */,
			);
			name = "peachPlum!UITests";
			productName = "peachPlum!UITests";
			productReference = BD03265F2899C4BA00DCBB22 /* peachPlum!UITests.xctest */;
			productType = "com.apple.product-type.bundle.ui-testing";
		};
/* End PBXNativeTarget section */

/* Begin PBXProject section */
		BD0326342899C4B900DCBB22 /* Project object */ = {
			isa = PBXProject;
			attributes = {
				BuildIndependentTargetsInParallel = 1;
				LastSwiftUpdateCheck = 1340;
				LastUpgradeCheck = 1340;
				TargetAttributes = {
					BD03263B2899C4B900DCBB22 = {
						CreatedOnToolsVersion = 13.4.1;
					};
					BD0326542899C4BA00DCBB22 = {
						CreatedOnToolsVersion = 13.4.1;
						TestTargetID = BD03263B2899C4B900DCBB22;
					};
					BD03265E2899C4BA00DCBB22 = {
						CreatedOnToolsVersion = 13.4.1;
						TestTargetID = BD03263B2899C4B900DCBB22;
					};
				};
			};
			buildConfigurationList = BD0326372899C4B900DCBB22 /* Build configuration list for PBXProject "peachPlum!" */;
			compatibilityVersion = "Xcode 13.0";
			developmentRegion = en;
			hasScannedForEncodings = 0;
			knownRegions = (
				en,
				Base,
			);
			mainGroup = BD0326332899C4B900DCBB22;
			productRefGroup = BD03263D2899C4B900DCBB22 /* Products */;
			projectDirPath = "";
			projectRoot = "";
			targets = (
				BD03263B2899C4B900DCBB22 /* peachPlum! */,
				BD0326542899C4BA00DCBB22 /* peachPlum!Tests */,
				BD03265E2899C4BA00DCBB22 /* peachPlum!UITests */,
			);
		};
/* End PBXProject section */

/* Begin PBXResourcesBuildPhase section */
		BD03263A2899C4B900DCBB22 /* Resources */ = {
			isa = PBXResourcesBuildPhase;
			buildActionMask = 2147483647;
			files = (
				BD03264F2899C4BA00DCBB22 /* LaunchScreen.storyboard in Resources */,
				BD03264C2899C4BA00DCBB22 /* Assets.xcassets in Resources */,
				BD0326472899C4B900DCBB22 /* Main.storyboard in Resources */,
			);
			runOnlyForDeploymentPostprocessing = 0;
		};
		BD0326532899C4BA00DCBB22 /* Resources */ = {
			isa = PBXResourcesBuildPhase;
			buildActionMask = 2147483647;
			files = (
			);
			runOnlyForDeploymentPostprocessing = 0;
		};
		BD03265D2899C4BA00DCBB22 /* Resources */ = {
			isa = PBXResourcesBuildPhase;
			buildActionMask = 2147483647;
			files = (
			);
			runOnlyForDeploymentPostprocessing = 0;
		};
/* End PBXResourcesBuildPhase section */

/* Begin PBXSourcesBuildPhase section */
		BD0326382899C4B900DCBB22 /* Sources */ = {
			isa = PBXSourcesBuildPhase;
			buildActionMask = 2147483647;
			files = (
				BDFA4368289AE8B9007D29A1 /* ViewControllerMentalHealth.swift in Sources */,
				BDFA4366289AE89C007D29A1 /* ViewControllerSexEd.swift in Sources */,
				BDFA436C289AEA08007D29A1 /* ViewControllerQ1.swift in Sources */,
				BDFA436A289AE916007D29A1 /* ViewControllerResources.swift in Sources */,
				BD0326442899C4B900DCBB22 /* ViewController.swift in Sources */,
				BDFA4372289AEB19007D29A1 /* ViewControllerQ4.swift in Sources */,
				BD03264A2899C4B900DCBB22 /* peachPlum_.xcdatamodeld in Sources */,
				BDFA4364289AE7FC007D29A1 /* ViewControllerPeriodTracker.swift in Sources */,
				BDFA436E289AEA96007D29A1 /* ViewControllerQ2.swift in Sources */,
				BD0326402899C4B900DCBB22 /* AppDelegate.swift in Sources */,
				BD68DAF5289C7EA600331867 /* CollectionCollectionViewController.swift in Sources */,
				BD0326422899C4B900DCBB22 /* SceneDelegate.swift in Sources */,
				BDFD1E9D289D8DC9006A2D4A /* ViewControllerVenting.swift in Sources */,
				BDFA4370289AEAEB007D29A1 /* ViewControllerQ3.swift in Sources */,
			);
			runOnlyForDeploymentPostprocessing = 0;
		};
		BD0326512899C4BA00DCBB22 /* Sources */ = {
			isa = PBXSourcesBuildPhase;
			buildActionMask = 2147483647;
			files = (
				BD03265A2899C4BA00DCBB22 /* peachPlum_Tests.swift in Sources */,
			);
			runOnlyForDeploymentPostprocessing = 0;
		};
		BD03265B2899C4BA00DCBB22 /* Sources */ = {
			isa = PBXSourcesBuildPhase;
			buildActionMask = 2147483647;
			files = (
				BD0326662899C4BA00DCBB22 /* peachPlum_UITestsLaunchTests.swift in Sources */,
				BD0326642899C4BA00DCBB22 /* peachPlum_UITests.swift in Sources */,
			);
			runOnlyForDeploymentPostprocessing = 0;
		};
/* End PBXSourcesBuildPhase section */

/* Begin PBXTargetDependency section */
		BD0326572899C4BA00DCBB22 /* PBXTargetDependency */ = {
			isa = PBXTargetDependency;
			target = BD03263B2899C4B900DCBB22 /* peachPlum! */;
			targetProxy = BD0326562899C4BA00DCBB22 /* PBXContainerItemProxy */;
		};
		BD0326612899C4BA00DCBB22 /* PBXTargetDependency */ = {
			isa = PBXTargetDependency;
			target = BD03263B2899C4B900DCBB22 /* peachPlum! */;
			targetProxy = BD0326602899C4BA00DCBB22 /* PBXContainerItemProxy */;
		};
/* End PBXTargetDependency section */

/* Begin PBXVariantGroup section */
		BD0326452899C4B900DCBB22 /* Main.storyboard */ = {
			isa = PBXVariantGroup;
			children = (
				BD0326462899C4B900DCBB22 /* Base */,
			);
			name = Main.storyboard;
			sourceTree = "<group>";
		};
		BD03264D2899C4BA00DCBB22 /* LaunchScreen.storyboard */ = {
			isa = PBXVariantGroup;
			children = (
				BD03264E2899C4BA00DCBB22 /* Base */,
			);
			name = LaunchScreen.storyboard;
			sourceTree = "<group>";
		};
/* End PBXVariantGroup section */

/* Begin XCBuildConfiguration section */
		BD0326672899C4BA00DCBB22 /* Debug */ = {
			isa = XCBuildConfiguration;
			buildSettings = {
				ALWAYS_SEARCH_USER_PATHS = NO;
				CLANG_ANALYZER_NONNULL = YES;
				CLANG_ANALYZER_NUMBER_OBJECT_CONVERSION = YES_AGGRESSIVE;
				CLANG_CXX_LANGUAGE_STANDARD = "gnu++17";
				CLANG_ENABLE_MODULES = YES;
				CLANG_ENABLE_OBJC_ARC = YES;
				CLANG_ENABLE_OBJC_WEAK = YES;
				CLANG_WARN_BLOCK_CAPTURE_AUTORELEASING = YES;
				CLANG_WARN_BOOL_CONVERSION = YES;
				CLANG_WARN_COMMA = YES;
				CLANG_WARN_CONSTANT_CONVERSION = YES;
				CLANG_WARN_DEPRECATED_OBJC_IMPLEMENTATIONS = YES;
				CLANG_WARN_DIRECT_OBJC_ISA_USAGE = YES_ERROR;
				CLANG_WARN_DOCUMENTATION_COMMENTS = YES;
				CLANG_WARN_EMPTY_BODY = YES;
				CLANG_WARN_ENUM_CONVERSION = YES;
				CLANG_WARN_INFINITE_RECURSION = YES;
				CLANG_WARN_INT_CONVERSION = YES;
				CLANG_WARN_NON_LITERAL_NULL_CONVERSION = YES;
				CLANG_WARN_OBJC_IMPLICIT_RETAIN_SELF = YES;
				CLANG_WARN_OBJC_LITERAL_CONVERSION = YES;
				CLANG_WARN_OBJC_ROOT_CLASS = YES_ERROR;
				CLANG_WARN_QUOTED_INCLUDE_IN_FRAMEWORK_HEADER = YES;
				CLANG_WARN_RANGE_LOOP_ANALYSIS = YES;
				CLANG_WARN_STRICT_PROTOTYPES = YES;
				CLANG_WARN_SUSPICIOUS_MOVE = YES;
				CLANG_WARN_UNGUARDED_AVAILABILITY = YES_AGGRESSIVE;
				CLANG_WARN_UNREACHABLE_CODE = YES;
				CLANG_WARN__DUPLICATE_METHOD_MATCH = YES;
				COPY_PHASE_STRIP = NO;
				DEBUG_INFORMATION_FORMAT = dwarf;
				ENABLE_STRICT_OBJC_MSGSEND = YES;
				ENABLE_TESTABILITY = YES;
				GCC_C_LANGUAGE_STANDARD = gnu11;
				GCC_DYNAMIC_NO_PIC = NO;
				GCC_NO_COMMON_BLOCKS = YES;
				GCC_OPTIMIZATION_LEVEL = 0;
				GCC_PREPROCESSOR_DEFINITIONS = (
					"DEBUG=1",
					"$(inherited)",
				);
				GCC_WARN_64_TO_32_BIT_CONVERSION = YES;
				GCC_WARN_ABOUT_RETURN_TYPE = YES_ERROR;
				GCC_WARN_UNDECLARED_SELECTOR = YES;
				GCC_WARN_UNINITIALIZED_AUTOS = YES_AGGRESSIVE;
				GCC_WARN_UNUSED_FUNCTION = YES;
				GCC_WARN_UNUSED_VARIABLE = YES;
				IPHONEOS_DEPLOYMENT_TARGET = 15.5;
				MTL_ENABLE_DEBUG_INFO = INCLUDE_SOURCE;
				MTL_FAST_MATH = YES;
				ONLY_ACTIVE_ARCH = YES;
				SDKROOT = iphoneos;
				SWIFT_ACTIVE_COMPILATION_CONDITIONS = DEBUG;
				SWIFT_OPTIMIZATION_LEVEL = "-Onone";
			};
			name = Debug;
		};
		BD0326682899C4BA00DCBB22 /* Release */ = {
			isa = XCBuildConfiguration;
			buildSettings = {
				ALWAYS_SEARCH_USER_PATHS = NO;
				CLANG_ANALYZER_NONNULL = YES;
				CLANG_ANALYZER_NUMBER_OBJECT_CONVERSION = YES_AGGRESSIVE;
				CLANG_CXX_LANGUAGE_STANDARD = "gnu++17";
				CLANG_ENABLE_MODULES = YES;
				CLANG_ENABLE_OBJC_ARC = YES;
				CLANG_ENABLE_OBJC_WEAK = YES;
				CLANG_WARN_BLOCK_CAPTURE_AUTORELEASING = YES;
				CLANG_WARN_BOOL_CONVERSION = YES;
				CLANG_WARN_COMMA = YES;
				CLANG_WARN_CONSTANT_CONVERSION = YES;
				CLANG_WARN_DEPRECATED_OBJC_IMPLEMENTATIONS = YES;
				CLANG_WARN_DIRECT_OBJC_ISA_USAGE = YES_ERROR;
				CLANG_WARN_DOCUMENTATION_COMMENTS = YES;
				CLANG_WARN_EMPTY_BODY = YES;
				CLANG_WARN_ENUM_CONVERSION = YES;
				CLANG_WARN_INFINITE_RECURSION = YES;
				CLANG_WARN_INT_CONVERSION = YES;
				CLANG_WARN_NON_LITERAL_NULL_CONVERSION = YES;
				CLANG_WARN_OBJC_IMPLICIT_RETAIN_SELF = YES;
				CLANG_WARN_OBJC_LITERAL_CONVERSION = YES;
				CLANG_WARN_OBJC_ROOT_CLASS = YES_ERROR;
				CLANG_WARN_QUOTED_INCLUDE_IN_FRAMEWORK_HEADER = YES;
				CLANG_WARN_RANGE_LOOP_ANALYSIS = YES;
				CLANG_WARN_STRICT_PROTOTYPES = YES;
				CLANG_WARN_SUSPICIOUS_MOVE = YES;
				CLANG_WARN_UNGUARDED_AVAILABILITY = YES_AGGRESSIVE;
				CLANG_WARN_UNREACHABLE_CODE = YES;
				CLANG_WARN__DUPLICATE_METHOD_MATCH = YES;
				COPY_PHASE_STRIP = NO;
				DEBUG_INFORMATION_FORMAT = "dwarf-with-dsym";
				ENABLE_NS_ASSERTIONS = NO;
				ENABLE_STRICT_OBJC_MSGSEND = YES;
				GCC_C_LANGUAGE_STANDARD = gnu11;
				GCC_NO_COMMON_BLOCKS = YES;
				GCC_WARN_64_TO_32_BIT_CONVERSION = YES;
				GCC_WARN_ABOUT_RETURN_TYPE = YES_ERROR;
				GCC_WARN_UNDECLARED_SELECTOR = YES;
				GCC_WARN_UNINITIALIZED_AUTOS = YES_AGGRESSIVE;
				GCC_WARN_UNUSED_FUNCTION = YES;
				GCC_WARN_UNUSED_VARIABLE = YES;
				IPHONEOS_DEPLOYMENT_TARGET = 15.5;
				MTL_ENABLE_DEBUG_INFO = NO;
				MTL_FAST_MATH = YES;
				SDKROOT = iphoneos;
				SWIFT_COMPILATION_MODE = wholemodule;
				SWIFT_OPTIMIZATION_LEVEL = "-O";
				VALIDATE_PRODUCT = YES;
			};
			name = Release;
		};
		BD03266A2899C4BA00DCBB22 /* Debug */ = {
			isa = XCBuildConfiguration;
			buildSettings = {
				ASSETCATALOG_COMPILER_APPICON_NAME = AppIcon;
				ASSETCATALOG_COMPILER_GLOBAL_ACCENT_COLOR_NAME = AccentColor;
				CODE_SIGN_STYLE = Automatic;
				CURRENT_PROJECT_VERSION = 1;
				GENERATE_INFOPLIST_FILE = YES;
				INFOPLIST_FILE = "peachPlum!/Info.plist";
				INFOPLIST_KEY_UIApplicationSupportsIndirectInputEvents = YES;
				INFOPLIST_KEY_UILaunchStoryboardName = LaunchScreen;
				INFOPLIST_KEY_UIMainStoryboardFile = Main;
				INFOPLIST_KEY_UISupportedInterfaceOrientations_iPad = "UIInterfaceOrientationPortrait UIInterfaceOrientationPortraitUpsideDown UIInterfaceOrientationLandscapeLeft UIInterfaceOrientationLandscapeRight";
				INFOPLIST_KEY_UISupportedInterfaceOrientations_iPhone = "UIInterfaceOrientationPortrait UIInterfaceOrientationLandscapeLeft UIInterfaceOrientationLandscapeRight";
				LD_RUNPATH_SEARCH_PATHS = (
					"$(inherited)",
					"@executable_path/Frameworks",
				);
				MARKETING_VERSION = 1.0;
				PRODUCT_BUNDLE_IDENTIFIER = "kwk.peachPlum-";
				PRODUCT_NAME = "$(TARGET_NAME)";
				SWIFT_EMIT_LOC_STRINGS = YES;
				SWIFT_VERSION = 5.0;
				TARGETED_DEVICE_FAMILY = "1,2";
			};
			name = Debug;
		};
		BD03266B2899C4BA00DCBB22 /* Release */ = {
			isa = XCBuildConfiguration;
			buildSettings = {
				ASSETCATALOG_COMPILER_APPICON_NAME = AppIcon;
				ASSETCATALOG_COMPILER_GLOBAL_ACCENT_COLOR_NAME = AccentColor;
				CODE_SIGN_STYLE = Automatic;
				CURRENT_PROJECT_VERSION = 1;
				GENERATE_INFOPLIST_FILE = YES;
				INFOPLIST_FILE = "peachPlum!/Info.plist";
				INFOPLIST_KEY_UIApplicationSupportsIndirectInputEvents = YES;
				INFOPLIST_KEY_UILaunchStoryboardName = LaunchScreen;
				INFOPLIST_KEY_UIMainStoryboardFile = Main;
				INFOPLIST_KEY_UISupportedInterfaceOrientations_iPad = "UIInterfaceOrientationPortrait UIInterfaceOrientationPortraitUpsideDown UIInterfaceOrientationLandscapeLeft UIInterfaceOrientationLandscapeRight";
				INFOPLIST_KEY_UISupportedInterfaceOrientations_iPhone = "UIInterfaceOrientationPortrait UIInterfaceOrientationLandscapeLeft UIInterfaceOrientationLandscapeRight";
				LD_RUNPATH_SEARCH_PATHS = (
					"$(inherited)",
					"@executable_path/Frameworks",
				);
				MARKETING_VERSION = 1.0;
				PRODUCT_BUNDLE_IDENTIFIER = "kwk.peachPlum-";
				PRODUCT_NAME = "$(TARGET_NAME)";
				SWIFT_EMIT_LOC_STRINGS = YES;
				SWIFT_VERSION = 5.0;
				TARGETED_DEVICE_FAMILY = "1,2";
			};
			name = Release;
		};
		BD03266D2899C4BA00DCBB22 /* Debug */ = {
			isa = XCBuildConfiguration;
			buildSettings = {
				ALWAYS_EMBED_SWIFT_STANDARD_LIBRARIES = YES;
				BUNDLE_LOADER = "$(TEST_HOST)";
				CODE_SIGN_STYLE = Automatic;
				CURRENT_PROJECT_VERSION = 1;
				GENERATE_INFOPLIST_FILE = YES;
				IPHONEOS_DEPLOYMENT_TARGET = 15.5;
				MARKETING_VERSION = 1.0;
				PRODUCT_BUNDLE_IDENTIFIER = "kwk.peachPlum-Tests";
				PRODUCT_NAME = "$(TARGET_NAME)";
				SWIFT_EMIT_LOC_STRINGS = NO;
				SWIFT_VERSION = 5.0;
				TARGETED_DEVICE_FAMILY = "1,2";
				TEST_HOST = "$(BUILT_PRODUCTS_DIR)/peachPlum!.app/peachPlum!";
			};
			name = Debug;
		};
		BD03266E2899C4BA00DCBB22 /* Release */ = {
			isa = XCBuildConfiguration;
			buildSettings = {
				ALWAYS_EMBED_SWIFT_STANDARD_LIBRARIES = YES;
				BUNDLE_LOADER = "$(TEST_HOST)";
				CODE_SIGN_STYLE = Automatic;
				CURRENT_PROJECT_VERSION = 1;
				GENERATE_INFOPLIST_FILE = YES;
				IPHONEOS_DEPLOYMENT_TARGET = 15.5;
				MARKETING_VERSION = 1.0;
				PRODUCT_BUNDLE_IDENTIFIER = "kwk.peachPlum-Tests";
				PRODUCT_NAME = "$(TARGET_NAME)";
				SWIFT_EMIT_LOC_STRINGS = NO;
				SWIFT_VERSION = 5.0;
				TARGETED_DEVICE_FAMILY = "1,2";
				TEST_HOST = "$(BUILT_PRODUCTS_DIR)/peachPlum!.app/peachPlum!";
			};
			name = Release;
		};
		BD0326702899C4BA00DCBB22 /* Debug */ = {
			isa = XCBuildConfiguration;
			buildSettings = {
				ALWAYS_EMBED_SWIFT_STANDARD_LIBRARIES = YES;
				CODE_SIGN_STYLE = Automatic;
				CURRENT_PROJECT_VERSION = 1;
				GENERATE_INFOPLIST_FILE = YES;
				MARKETING_VERSION = 1.0;
				PRODUCT_BUNDLE_IDENTIFIER = "kwk.peachPlum-UITests";
				PRODUCT_NAME = "$(TARGET_NAME)";
				SWIFT_EMIT_LOC_STRINGS = NO;
				SWIFT_VERSION = 5.0;
				TARGETED_DEVICE_FAMILY = "1,2";
				TEST_TARGET_NAME = "peachPlum!";
			};
			name = Debug;
		};
		BD0326712899C4BA00DCBB22 /* Release */ = {
			isa = XCBuildConfiguration;
			buildSettings = {
				ALWAYS_EMBED_SWIFT_STANDARD_LIBRARIES = YES;
				CODE_SIGN_STYLE = Automatic;
				CURRENT_PROJECT_VERSION = 1;
				GENERATE_INFOPLIST_FILE = YES;
				MARKETING_VERSION = 1.0;
				PRODUCT_BUNDLE_IDENTIFIER = "kwk.peachPlum-UITests";
				PRODUCT_NAME = "$(TARGET_NAME)";
				SWIFT_EMIT_LOC_STRINGS = NO;
				SWIFT_VERSION = 5.0;
				TARGETED_DEVICE_FAMILY = "1,2";
				TEST_TARGET_NAME = "peachPlum!";
			};
			name = Release;
		};
/* End XCBuildConfiguration section */

/* Begin XCConfigurationList section */
		BD0326372899C4B900DCBB22 /* Build configuration list for PBXProject "peachPlum!" */ = {
			isa = XCConfigurationList;
			buildConfigurations = (
				BD0326672899C4BA00DCBB22 /* Debug */,
				BD0326682899C4BA00DCBB22 /* Release */,
			);
			defaultConfigurationIsVisible = 0;
			defaultConfigurationName = Release;
		};
		BD0326692899C4BA00DCBB22 /* Build configuration list for PBXNativeTarget "peachPlum!" */ = {
			isa = XCConfigurationList;
			buildConfigurations = (
				BD03266A2899C4BA00DCBB22 /* Debug */,
				BD03266B2899C4BA00DCBB22 /* Release */,
			);
			defaultConfigurationIsVisible = 0;
			defaultConfigurationName = Release;
		};
		BD03266C2899C4BA00DCBB22 /* Build configuration list for PBXNativeTarget "peachPlum!Tests" */ = {
			isa = XCConfigurationList;
			buildConfigurations = (
				BD03266D2899C4BA00DCBB22 /* Debug */,
				BD03266E2899C4BA00DCBB22 /* Release */,
			);
			defaultConfigurationIsVisible = 0;
			defaultConfigurationName = Release;
		};
		BD03266F2899C4BA00DCBB22 /* Build configuration list for PBXNativeTarget "peachPlum!UITests" */ = {
			isa = XCConfigurationList;
			buildConfigurations = (
				BD0326702899C4BA00DCBB22 /* Debug */,
				BD0326712899C4BA00DCBB22 /* Release */,
			);
			defaultConfigurationIsVisible = 0;
			defaultConfigurationName = Release;
		};
/* End XCConfigurationList section */

/* Begin XCVersionGroup section */
		BD0326482899C4B900DCBB22 /* peachPlum_.xcdatamodeld */ = {
			isa = XCVersionGroup;
			children = (
				BD0326492899C4B900DCBB22 /* peachPlum_.xcdatamodel */,
			);
			currentVersion = BD0326492899C4B900DCBB22 /* peachPlum_.xcdatamodel */;
			path = peachPlum_.xcdatamodeld;
			sourceTree = "<group>";
			versionGroupType = wrapper.xcdatamodel;
		};
/* End XCVersionGroup section */
	};
	rootObject = BD0326342899C4B900DCBB22 /* Project object */;
}
